
Microsoft Visual Studio Solution File, Format Version 12.00
# Visual Studio Version 16
VisualStudioVersion = 16.0.30711.63
MinimumVisualStudioVersion = 10.0.40219.1
Project("{9A19103F-16F7-4668-BE54-9A1E7A4F7556}") = "WebApplication1", "WebApplication1\WebApplication1.csproj", "{9C8A8EC7-6E3D-4A1D-B526-2D6992535C60}"
EndProject
Project("{2150E333-8FDC-42A3-9474-1A3956D46DE8}") = "Bll", "Bll", "{EB821223-5820-40B7-BC77-E5ACDD396F31}"
EndProject
Project("{2150E333-8FDC-42A3-9474-1A3956D46DE8}") = "DAL", "DAL", "{CBE07C9E-4951-46EC-8E4F-074F8D576FC1}"
EndProject
Project("{9A19103F-16F7-4668-BE54-9A1E7A4F7556}") = "BLL.Logic", "BLL.Logic\BLL.Logic.csproj", "{E1D34F42-CD63-4154-843B-319996E2627D}"
EndProject
Project("{9A19103F-16F7-4668-BE54-9A1E7A4F7556}") = "BLL.ILogic", "BLL.ILogic\BLL.ILogic.csproj", "{3586CBBF-37EB-449B-806E-649912097394}"
EndProject
Project("{9A19103F-16F7-4668-BE54-9A1E7A4F7556}") = "BLL.Model", "BLL.Model\BLL.Model.csproj", "{135F1289-126B-44BC-9F2A-97885D15F465}"
EndProject
Project("{9A19103F-16F7-4668-BE54-9A1E7A4F7556}") = "CreateEntities", "CreateEntities\CreateEntities.csproj", "{5D7C9FEA-4258-4F76-AB78-98BA3A8D8D8F}"
EndProject
Project("{9A19103F-16F7-4668-BE54-9A1E7A4F7556}") = "Entities", "Entities\Entities.csproj", "{630858B3-E647-4485-8A24-3F672668ED89}"
EndProject
Project("{2150E333-8FDC-42A3-9474-1A3956D46DE8}") = "Common", "Common", "{70622978-3B8E-45C1-90C9-FFA405312F14}"
EndProject
Project("{9A19103F-16F7-4668-BE54-9A1E7A4F7556}") = "Mapper", "AutoMapper\Mapper.csproj", "{8CD6D14B-9C1A-4F6E-B881-8F9C6322EF68}"
EndProject
Project("{9A19103F-16F7-4668-BE54-9A1E7A4F7556}") = "DAL.Sql", "DAL.Logic\DAL.Sql.csproj", "{355E3F03-AFE3-4BCF-8E7B-E0795983D45D}"
EndProject
Project("{9A19103F-16F7-4668-BE54-9A1E7A4F7556}") = "DAL.ISql", "IDAL.Logic\DAL.ISql.csproj", "{CB6FAA30-8B55-4B2B-8373-D59E0556D3EF}"
EndProject
Project("{9A19103F-16F7-4668-BE54-9A1E7A4F7556}") = "Extension", "Extension\Extension.csproj", "{E4CFA5BF-A5C1-42E1-9608-E1BDE3047C4F}"
EndProject
Project("{9A19103F-16F7-4668-BE54-9A1E7A4F7556}") = "InitData", "InitData\InitData.csproj", "{3AC9961B-FD1F-4EC7-859E-A7D5F3B720F6}"
EndProject
Project("{9A19103F-16F7-4668-BE54-9A1E7A4F7556}") = "CreateFundInfo", "CreateFundInfo\CreateFundInfo.csproj", "{8D51ED09-CF96-4985-80EF-96D6E9A78661}"
EndProject
Project("{9A19103F-16F7-4668-BE54-9A1E7A4F7556}") = "Commons", "Commons\Commons.csproj", "{A97DA8DB-30A5-4894-82E6-A1A15EEFD83C}"
EndProject
Global
	GlobalSection(SolutionConfigurationPlatforms) = preSolution
		Debug|Any CPU = Debug|Any CPU
		Release|Any CPU = Release|Any CPU
	EndGlobalSection
	GlobalSection(ProjectConfigurationPlatforms) = postSolution
		{9C8A8EC7-6E3D-4A1D-B526-2D6992535C60}.Debug|Any CPU.ActiveCfg = Debug|Any CPU
		{9C8A8EC7-6E3D-4A1D-B526-2D6992535C60}.Debug|Any CPU.Build.0 = Debug|Any CPU
		{9C8A8EC7-6E3D-4A1D-B526-2D6992535C60}.Release|Any CPU.ActiveCfg = Release|Any CPU
		{9C8A8EC7-6E3D-4A1D-B526-2D6992535C60}.Release|Any CPU.Build.0 = Release|Any CPU
		{E1D34F42-CD63-4154-843B-319996E2627D}.Debug|Any CPU.ActiveCfg = Debug|Any CPU
		{E1D34F42-CD63-4154-843B-319996E2627D}.Debug|Any CPU.Build.0 = Debug|Any CPU
		{E1D34F42-CD63-4154-843B-319996E2627D}.Release|Any CPU.ActiveCfg = Release|Any CPU
		{E1D34F42-CD63-4154-843B-319996E2627D}.Release|Any CPU.Build.0 = Release|Any CPU
		{3586CBBF-37EB-449B-806E-649912097394}.Debug|Any CPU.ActiveCfg = Debug|Any CPU
		{3586CBBF-37EB-449B-806E-649912097394}.Debug|Any CPU.Build.0 = Debug|Any CPU
		{3586CBBF-37EB-449B-806E-649912097394}.Release|Any CPU.ActiveCfg = Release|Any CPU
		{3586CBBF-37EB-449B-806E-649912097394}.Release|Any CPU.Build.0 = Release|Any CPU
		{135F1289-126B-44BC-9F2A-97885D15F465}.Debug|Any CPU.ActiveCfg = Debug|Any CPU
		{135F1289-126B-44BC-9F2A-97885D15F465}.Debug|Any CPU.Build.0 = Debug|Any CPU
		{135F1289-126B-44BC-9F2A-97885D15F465}.Release|Any CPU.ActiveCfg = Release|Any CPU
		{135F1289-126B-44BC-9F2A-97885D15F465}.Release|Any CPU.Build.0 = Release|Any CPU
		{5D7C9FEA-4258-4F76-AB78-98BA3A8D8D8F}.Debug|Any CPU.ActiveCfg = Debug|Any CPU
		{5D7C9FEA-4258-4F76-AB78-98BA3A8D8D8F}.Debug|Any CPU.Build.0 = Debug|Any CPU
		{5D7C9FEA-4258-4F76-AB78-98BA3A8D8D8F}.Release|Any CPU.ActiveCfg = Release|Any CPU
		{5D7C9FEA-4258-4F76-AB78-98BA3A8D8D8F}.Release|Any CPU.Build.0 = Release|Any CPU
		{630858B3-E647-4485-8A24-3F672668ED89}.Debug|Any CPU.ActiveCfg = Debug|Any CPU
		{630858B3-E647-4485-8A24-3F672668ED89}.Debug|Any CPU.Build.0 = Debug|Any CPU
		{630858B3-E647-4485-8A24-3F672668ED89}.Release|Any CPU.ActiveCfg = Release|Any CPU
		{630858B3-E647-4485-8A24-3F672668ED89}.Release|Any CPU.Build.0 = Release|Any CPU
		{8CD6D14B-9C1A-4F6E-B881-8F9C6322EF68}.Debug|Any CPU.ActiveCfg = Debug|Any CPU
		{8CD6D14B-9C1A-4F6E-B881-8F9C6322EF68}.Debug|Any CPU.Build.0 = Debug|Any CPU
		{8CD6D14B-9C1A-4F6E-B881-8F9C6322EF68}.Release|Any CPU.ActiveCfg = Release|Any CPU
		{8CD6D14B-9C1A-4F6E-B881-8F9C6322EF68}.Release|Any CPU.Build.0 = Release|Any CPU
		{355E3F03-AFE3-4BCF-8E7B-E0795983D45D}.Debug|Any CPU.ActiveCfg = Debug|Any CPU
		{355E3F03-AFE3-4BCF-8E7B-E0795983D45D}.Debug|Any CPU.Build.0 = Debug|Any CPU
		{355E3F03-AFE3-4BCF-8E7B-E0795983D45D}.Release|Any CPU.ActiveCfg = Release|Any CPU
		{355E3F03-AFE3-4BCF-8E7B-E0795983D45D}.Release|Any CPU.Build.0 = Release|Any CPU
		{CB6FAA30-8B55-4B2B-8373-D59E0556D3EF}.Debug|Any CPU.ActiveCfg = Debug|Any CPU
		{CB6FAA30-8B55-4B2B-8373-D59E0556D3EF}.Debug|Any CPU.Build.0 = Debug|Any CPU
		{CB6FAA30-8B55-4B2B-8373-D59E0556D3EF}.Release|Any CPU.ActiveCfg = Release|Any CPU
		{CB6FAA30-8B55-4B2B-8373-D59E0556D3EF}.Release|Any CPU.Build.0 = Release|Any CPU
		{E4CFA5BF-A5C1-42E1-9608-E1BDE3047C4F}.Debug|Any CPU.ActiveCfg = Debug|Any CPU
		{E4CFA5BF-A5C1-42E1-9608-E1BDE3047C4F}.Debug|Any CPU.Build.0 = Debug|Any CPU
		{E4CFA5BF-A5C1-42E1-9608-E1BDE3047C4F}.Release|Any CPU.ActiveCfg = Release|Any CPU
		{E4CFA5BF-A5C1-42E1-9608-E1BDE3047C4F}.Release|Any CPU.Build.0 = Release|Any CPU
		{3AC9961B-FD1F-4EC7-859E-A7D5F3B720F6}.Debug|Any CPU.ActiveCfg = Debug|Any CPU
		{3AC9961B-FD1F-4EC7-859E-A7D5F3B720F6}.Debug|Any CPU.Build.0 = Debug|Any CPU
		{3AC9961B-FD1F-4EC7-859E-A7D5F3B720F6}.Release|Any CPU.ActiveCfg = Release|Any CPU
		{3AC9961B-FD1F-4EC7-859E-A7D5F3B720F6}.Release|Any CPU.Build.0 = Release|Any CPU
		{8D51ED09-CF96-4985-80EF-96D6E9A78661}.Debug|Any CPU.ActiveCfg = Debug|Any CPU
		{8D51ED09-CF96-4985-80EF-96D6E9A78661}.Debug|Any CPU.Build.0 = Debug|Any CPU
		{8D51ED09-CF96-4985-80EF-96D6E9A78661}.Release|Any CPU.ActiveCfg = Release|Any CPU
		{8D51ED09-CF96-4985-80EF-96D6E9A78661}.Release|Any CPU.Build.0 = Release|Any CPU
		{A97DA8DB-30A5-4894-82E6-A1A15EEFD83C}.Debug|Any CPU.ActiveCfg = Debug|Any CPU
		{A97DA8DB-30A5-4894-82E6-A1A15EEFD83C}.Debug|Any CPU.Build.0 = Debug|Any CPU
		{A97DA8DB-30A5-4894-82E6-A1A15EEFD83C}.Release|Any CPU.ActiveCfg = Release|Any CPU
		{A97DA8DB-30A5-4894-82E6-A1A15EEFD83C}.Release|Any CPU.Build.0 = Release|Any CPU
	EndGlobalSection
	GlobalSection(SolutionProperties) = preSolution
		HideSolutionNode = FALSE
	EndGlobalSection
	GlobalSection(NestedProjects) = preSolution
		{E1D34F42-CD63-4154-843B-319996E2627D} = {EB821223-5820-40B7-BC77-E5ACDD396F31}
		{3586CBBF-37EB-449B-806E-649912097394} = {EB821223-5820-40B7-BC77-E5ACDD396F31}
		{135F1289-126B-44BC-9F2A-97885D15F465} = {EB821223-5820-40B7-BC77-E5ACDD396F31}
		{5D7C9FEA-4258-4F76-AB78-98BA3A8D8D8F} = {CBE07C9E-4951-46EC-8E4F-074F8D576FC1}
		{630858B3-E647-4485-8A24-3F672668ED89} = {CBE07C9E-4951-46EC-8E4F-074F8D576FC1}
		{8CD6D14B-9C1A-4F6E-B881-8F9C6322EF68} = {70622978-3B8E-45C1-90C9-FFA405312F14}
		{355E3F03-AFE3-4BCF-8E7B-E0795983D45D} = {CBE07C9E-4951-46EC-8E4F-074F8D576FC1}
		{CB6FAA30-8B55-4B2B-8373-D59E0556D3EF} = {CBE07C9E-4951-46EC-8E4F-074F8D576FC1}
		{E4CFA5BF-A5C1-42E1-9608-E1BDE3047C4F} = {70622978-3B8E-45C1-90C9-FFA405312F14}
		{A97DA8DB-30A5-4894-82E6-A1A15EEFD83C} = {70622978-3B8E-45C1-90C9-FFA405312F14}
	EndGlobalSection
	GlobalSection(ExtensibilityGlobals) = postSolution
		SolutionGuid = {76F2DACB-4FE9-4F45-82A4-84F02D7D81C4}
	EndGlobalSection
EndGlobal
